
Microsoft Visual Studio Solution File, Format Version 12.00
# Visual Studio 15
VisualStudioVersion = 15.0.27428.2037
MinimumVisualStudioVersion = 10.0.40219.1
Project("{FAE04EC0-301F-11D3-BF4B-00C04F79EFBC}") = "Screenshooter", "Screenshooter\Screenshooter.csproj", "{72A9A3FE-0537-4659-A951-C904D5887BE8}"
EndProject
Global
	GlobalSection(SolutionConfigurationPlatforms) = preSolution
		Debug|Any CPU = Debug|Any CPU
		Release|Any CPU = Release|Any CPU
	EndGlobalSection
	GlobalSection(ProjectConfigurationPlatforms) = postSolution
		{72A9A3FE-0537-4659-A951-C904D5887BE8}.Debug|Any CPU.ActiveCfg = Debug|Any CPU
		{72A9A3FE-0537-4659-A951-C904D5887BE8}.Debug|Any CPU.Build.0 = Debug|Any CPU
		{72A9A3FE-0537-4659-A951-C904D5887BE8}.Release|Any CPU.ActiveCfg = Release|Any CPU
		{72A9A3FE-0537-4659-A951-C904D5887BE8}.Release|Any CPU.Build.0 = Release|Any CPU
	EndGlobalSection
	GlobalSection(SolutionProperties) = preSolution
		HideSolutionNode = FALSE
	EndGlobalSection
	GlobalSection(ExtensibilityGlobals) = postSolution
		SolutionGuid = {AE8672B1-2BF5-4181-ACE9-0B1B24315645}
	EndGlobalSection
EndGlobal
